
Microsoft Visual Studio Solution File, Format Version 12.00
# Visual Studio Version 17
VisualStudioVersion = 17.13.35919.96
MinimumVisualStudioVersion = 10.0.40219.1
Project("{FAE04EC0-301F-11D3-BF4B-00C04F79EFBC}") = "HealthcareAPI", "HealthcareAPI\HealthcareAPI.csproj", "{75FA5176-112D-47F2-A171-FA3B0C80AEA2}"
EndProject
Project("{FAE04EC0-301F-11D3-BF4B-00C04F79EFBC}") = "HealthcareModel", "HealthcareModel\HealthcareModel.csproj", "{196B8A6F-7093-44A1-990D-D508C1EF6012}"
EndProject
Project("{FAE04EC0-301F-11D3-BF4B-00C04F79EFBC}") = "HealthcareApplication", "HealthcareApplication\HealthcareApplication.csproj", "{0AAAFB04-9114-4065-B607-D20AE74E15EE}"
EndProject
Project("{FAE04EC0-301F-11D3-BF4B-00C04F79EFBC}") = "HealthcareInfrastructure", "HealthcareInfrastructure\HealthcareInfrastructure.csproj", "{C702FAFC-2521-4873-BE2D-07F1F16160D0}"
EndProject
Global
	GlobalSection(SolutionConfigurationPlatforms) = preSolution
		Debug|Any CPU = Debug|Any CPU
		Release|Any CPU = Release|Any CPU
	EndGlobalSection
	GlobalSection(ProjectConfigurationPlatforms) = postSolution
		{75FA5176-112D-47F2-A171-FA3B0C80AEA2}.Debug|Any CPU.ActiveCfg = Debug|Any CPU
		{75FA5176-112D-47F2-A171-FA3B0C80AEA2}.Debug|Any CPU.Build.0 = Debug|Any CPU
		{75FA5176-112D-47F2-A171-FA3B0C80AEA2}.Release|Any CPU.ActiveCfg = Release|Any CPU
		{75FA5176-112D-47F2-A171-FA3B0C80AEA2}.Release|Any CPU.Build.0 = Release|Any CPU
		{196B8A6F-7093-44A1-990D-D508C1EF6012}.Debug|Any CPU.ActiveCfg = Debug|Any CPU
		{196B8A6F-7093-44A1-990D-D508C1EF6012}.Debug|Any CPU.Build.0 = Debug|Any CPU
		{196B8A6F-7093-44A1-990D-D508C1EF6012}.Release|Any CPU.ActiveCfg = Release|Any CPU
		{196B8A6F-7093-44A1-990D-D508C1EF6012}.Release|Any CPU.Build.0 = Release|Any CPU
		{0AAAFB04-9114-4065-B607-D20AE74E15EE}.Debug|Any CPU.ActiveCfg = Debug|Any CPU
		{0AAAFB04-9114-4065-B607-D20AE74E15EE}.Debug|Any CPU.Build.0 = Debug|Any CPU
		{0AAAFB04-9114-4065-B607-D20AE74E15EE}.Release|Any CPU.ActiveCfg = Release|Any CPU
		{0AAAFB04-9114-4065-B607-D20AE74E15EE}.Release|Any CPU.Build.0 = Release|Any CPU
		{C702FAFC-2521-4873-BE2D-07F1F16160D0}.Debug|Any CPU.ActiveCfg = Debug|Any CPU
		{C702FAFC-2521-4873-BE2D-07F1F16160D0}.Debug|Any CPU.Build.0 = Debug|Any CPU
		{C702FAFC-2521-4873-BE2D-07F1F16160D0}.Release|Any CPU.ActiveCfg = Release|Any CPU
		{C702FAFC-2521-4873-BE2D-07F1F16160D0}.Release|Any CPU.Build.0 = Release|Any CPU
	EndGlobalSection
	GlobalSection(SolutionProperties) = preSolution
		HideSolutionNode = FALSE
	EndGlobalSection
	GlobalSection(ExtensibilityGlobals) = postSolution
		SolutionGuid = {37B74F93-3015-495B-8AFE-4AAB6908F059}
	EndGlobalSection
EndGlobal
